
Microsoft Visual Studio Solution File, Format Version 12.00
# Visual Studio Version 16
VisualStudioVersion = 16.0.31613.86
MinimumVisualStudioVersion = 10.0.40219.1
Project("{FAE04EC0-301F-11D3-BF4B-00C04F79EFBC}") = "IT20120702", "IT20120702.csproj", "{0E7BB742-D65C-4A26-8D41-5FEE7C045F7D}"
EndProject
Global
	GlobalSection(SolutionConfigurationPlatforms) = preSolution
		Debug|Any CPU = Debug|Any CPU
		Release|Any CPU = Release|Any CPU
	EndGlobalSection
	GlobalSection(ProjectConfigurationPlatforms) = postSolution
		{0E7BB742-D65C-4A26-8D41-5FEE7C045F7D}.Debug|Any CPU.ActiveCfg = Debug|Any CPU
		{0E7BB742-D65C-4A26-8D41-5FEE7C045F7D}.Debug|Any CPU.Build.0 = Debug|Any CPU
		{0E7BB742-D65C-4A26-8D41-5FEE7C045F7D}.Release|Any CPU.ActiveCfg = Release|Any CPU
		{0E7BB742-D65C-4A26-8D41-5FEE7C045F7D}.Release|Any CPU.Build.0 = Release|Any CPU
	EndGlobalSection
	GlobalSection(SolutionProperties) = preSolution
		HideSolutionNode = FALSE
	EndGlobalSection
	GlobalSection(ExtensibilityGlobals) = postSolution
		SolutionGuid = {0476B5C3-0B2C-40AD-B0E5-37098FED7F3C}
	EndGlobalSection
EndGlobal
